
Microsoft Visual Studio Solution File, Format Version 12.00
# Visual Studio Version 17
VisualStudioVersion = 17.8.34330.188
MinimumVisualStudioVersion = 10.0.40219.1
Project("{9A19103F-16F7-4668-BE54-9A1E7A4F7556}") = "PostLand.Domain", "PostLand\PostLand.Domain.csproj", "{42885617-1FCA-425B-B4AF-CD6ACD524D1E}"
EndProject
Project("{2150E333-8FDC-42A3-9474-1A3956D46DE8}") = "src", "src", "{08BE086B-A6B9-4B5A-BB8E-9089F04E93CB}"
EndProject
Project("{2150E333-8FDC-42A3-9474-1A3956D46DE8}") = "test", "test", "{00585ABC-7D5C-4E11-B915-53F090D588F1}"
EndProject
Project("{2150E333-8FDC-42A3-9474-1A3956D46DE8}") = "Core", "Core", "{6C0594A1-2526-4A9D-8D43-D0D4803210EC}"
EndProject
Project("{2150E333-8FDC-42A3-9474-1A3956D46DE8}") = "Infrastructure", "Infrastructure", "{216FE50E-5EE7-435B-9559-04998AA2358E}"
EndProject
Project("{2150E333-8FDC-42A3-9474-1A3956D46DE8}") = "UI", "UI", "{52F6E9C1-930E-4228-B912-425E7CFC8A33}"
EndProject
Project("{2150E333-8FDC-42A3-9474-1A3956D46DE8}") = "API", "API", "{2DC221EF-F126-43DF-8D78-FA70F7695A8E}"
EndProject
Project("{9A19103F-16F7-4668-BE54-9A1E7A4F7556}") = "PostLand.Application", "PostLand.Application\PostLand.Application.csproj", "{55D9958D-19F2-452C-B48D-743F651C6F68}"
EndProject
Project("{FAE04EC0-301F-11D3-BF4B-00C04F79EFBC}") = "PostLand.Persistence", "PostLand.Persistence\PostLand.Persistence.csproj", "{B026DB43-D0F5-4F02-921A-8AA0AD6CEDE3}"
EndProject
Project("{FAE04EC0-301F-11D3-BF4B-00C04F79EFBC}") = "PostLand.API", "PostLand.API\PostLand.API.csproj", "{4F1E4866-7EAB-40B5-8310-4B435502AC2A}"
EndProject
Global
	GlobalSection(SolutionConfigurationPlatforms) = preSolution
		Debug|Any CPU = Debug|Any CPU
		Release|Any CPU = Release|Any CPU
	EndGlobalSection
	GlobalSection(ProjectConfigurationPlatforms) = postSolution
		{42885617-1FCA-425B-B4AF-CD6ACD524D1E}.Debug|Any CPU.ActiveCfg = Debug|Any CPU
		{42885617-1FCA-425B-B4AF-CD6ACD524D1E}.Debug|Any CPU.Build.0 = Debug|Any CPU
		{42885617-1FCA-425B-B4AF-CD6ACD524D1E}.Release|Any CPU.ActiveCfg = Release|Any CPU
		{42885617-1FCA-425B-B4AF-CD6ACD524D1E}.Release|Any CPU.Build.0 = Release|Any CPU
		{55D9958D-19F2-452C-B48D-743F651C6F68}.Debug|Any CPU.ActiveCfg = Debug|Any CPU
		{55D9958D-19F2-452C-B48D-743F651C6F68}.Debug|Any CPU.Build.0 = Debug|Any CPU
		{55D9958D-19F2-452C-B48D-743F651C6F68}.Release|Any CPU.ActiveCfg = Release|Any CPU
		{55D9958D-19F2-452C-B48D-743F651C6F68}.Release|Any CPU.Build.0 = Release|Any CPU
		{B026DB43-D0F5-4F02-921A-8AA0AD6CEDE3}.Debug|Any CPU.ActiveCfg = Debug|Any CPU
		{B026DB43-D0F5-4F02-921A-8AA0AD6CEDE3}.Debug|Any CPU.Build.0 = Debug|Any CPU
		{B026DB43-D0F5-4F02-921A-8AA0AD6CEDE3}.Release|Any CPU.ActiveCfg = Release|Any CPU
		{B026DB43-D0F5-4F02-921A-8AA0AD6CEDE3}.Release|Any CPU.Build.0 = Release|Any CPU
		{4F1E4866-7EAB-40B5-8310-4B435502AC2A}.Debug|Any CPU.ActiveCfg = Debug|Any CPU
		{4F1E4866-7EAB-40B5-8310-4B435502AC2A}.Debug|Any CPU.Build.0 = Debug|Any CPU
		{4F1E4866-7EAB-40B5-8310-4B435502AC2A}.Release|Any CPU.ActiveCfg = Release|Any CPU
		{4F1E4866-7EAB-40B5-8310-4B435502AC2A}.Release|Any CPU.Build.0 = Release|Any CPU
	EndGlobalSection
	GlobalSection(SolutionProperties) = preSolution
		HideSolutionNode = FALSE
	EndGlobalSection
	GlobalSection(NestedProjects) = preSolution
		{42885617-1FCA-425B-B4AF-CD6ACD524D1E} = {6C0594A1-2526-4A9D-8D43-D0D4803210EC}
		{6C0594A1-2526-4A9D-8D43-D0D4803210EC} = {08BE086B-A6B9-4B5A-BB8E-9089F04E93CB}
		{216FE50E-5EE7-435B-9559-04998AA2358E} = {08BE086B-A6B9-4B5A-BB8E-9089F04E93CB}
		{52F6E9C1-930E-4228-B912-425E7CFC8A33} = {08BE086B-A6B9-4B5A-BB8E-9089F04E93CB}
		{2DC221EF-F126-43DF-8D78-FA70F7695A8E} = {08BE086B-A6B9-4B5A-BB8E-9089F04E93CB}
		{55D9958D-19F2-452C-B48D-743F651C6F68} = {6C0594A1-2526-4A9D-8D43-D0D4803210EC}
		{B026DB43-D0F5-4F02-921A-8AA0AD6CEDE3} = {216FE50E-5EE7-435B-9559-04998AA2358E}
		{4F1E4866-7EAB-40B5-8310-4B435502AC2A} = {2DC221EF-F126-43DF-8D78-FA70F7695A8E}
	EndGlobalSection
	GlobalSection(ExtensibilityGlobals) = postSolution
		SolutionGuid = {F19A5815-F41A-4314-9063-1ED0F09F8FCE}
	EndGlobalSection
EndGlobal
